
Microsoft Visual Studio Solution File, Format Version 12.00
# Visual Studio 14
VisualStudioVersion = 14.0.22609.0
MinimumVisualStudioVersion = 10.0.40219.1
Project("{2150E333-8FDC-42A3-9474-1A3956D46DE8}") = "src", "src", "{8A488775-733F-46F4-99D2-81AD442D06BD}"
EndProject
Project("{2150E333-8FDC-42A3-9474-1A3956D46DE8}") = "Solution Items", "Solution Items", "{6B6E7B17-6E39-4DD4-9BBA-6A72D4C083DC}"
	ProjectSection(SolutionItems) = preProject
		global.json = global.json
	EndProjectSection
EndProject
Project("{8BB2217D-0F2D-49D1-97BC-3654ED321F3B}") = "vNextAngularSPA.Data", "src\vNextAngularSPA.Data\vNextAngularSPA.Data.kproj", "{99C7515C-4FF5-468C-9991-31FDB77186EB}"
	ProjectSection(ProjectDependencies) = postProject
		{6C1F6228-C57F-4DB9-B08C-5D8040D07458} = {6C1F6228-C57F-4DB9-B08C-5D8040D07458}
	EndProjectSection
EndProject
Project("{8BB2217D-0F2D-49D1-97BC-3654ED321F3B}") = "vNextAngularSPA.Web", "src\vNextAngularSPA.Web\vNextAngularSPA.Web.kproj", "{181EAB68-E310-4803-BEB4-C0E8AF5D6299}"
	ProjectSection(ProjectDependencies) = postProject
		{6C1F6228-C57F-4DB9-B08C-5D8040D07458} = {6C1F6228-C57F-4DB9-B08C-5D8040D07458}
		{7C437351-AAB6-41D6-9309-259EAE35110E} = {7C437351-AAB6-41D6-9309-259EAE35110E}
		{99C7515C-4FF5-468C-9991-31FDB77186EB} = {99C7515C-4FF5-468C-9991-31FDB77186EB}
		{2CB4F6DC-8F39-4604-8208-3FC526D17ABF} = {2CB4F6DC-8F39-4604-8208-3FC526D17ABF}
	EndProjectSection
EndProject
Project("{8BB2217D-0F2D-49D1-97BC-3654ED321F3B}") = "vNextAngularSPA.Model", "src\vNextAngularSPA.Model\vNextAngularSPA.Model.kproj", "{6C1F6228-C57F-4DB9-B08C-5D8040D07458}"
EndProject
Project("{8BB2217D-0F2D-49D1-97BC-3654ED321F3B}") = "vNextAngularSPA.Service", "src\vNextAngularSPA.Service\vNextAngularSPA.Service.kproj", "{2CB4F6DC-8F39-4604-8208-3FC526D17ABF}"
	ProjectSection(ProjectDependencies) = postProject
		{6C1F6228-C57F-4DB9-B08C-5D8040D07458} = {6C1F6228-C57F-4DB9-B08C-5D8040D07458}
		{99C7515C-4FF5-468C-9991-31FDB77186EB} = {99C7515C-4FF5-468C-9991-31FDB77186EB}
	EndProjectSection
EndProject
Project("{8BB2217D-0F2D-49D1-97BC-3654ED321F3B}") = "vNextAngularSPA.API", "src\vNextAngularSPA.API\vNextAngularSPA.API.kproj", "{7C437351-AAB6-41D6-9309-259EAE35110E}"
	ProjectSection(ProjectDependencies) = postProject
		{6C1F6228-C57F-4DB9-B08C-5D8040D07458} = {6C1F6228-C57F-4DB9-B08C-5D8040D07458}
		{99C7515C-4FF5-468C-9991-31FDB77186EB} = {99C7515C-4FF5-468C-9991-31FDB77186EB}
		{2CB4F6DC-8F39-4604-8208-3FC526D17ABF} = {2CB4F6DC-8F39-4604-8208-3FC526D17ABF}
	EndProjectSection
EndProject
Global
	GlobalSection(SolutionConfigurationPlatforms) = preSolution
		Debug|Any CPU = Debug|Any CPU
		Release|Any CPU = Release|Any CPU
	EndGlobalSection
	GlobalSection(ProjectConfigurationPlatforms) = postSolution
		{99C7515C-4FF5-468C-9991-31FDB77186EB}.Debug|Any CPU.ActiveCfg = Debug|Any CPU
		{99C7515C-4FF5-468C-9991-31FDB77186EB}.Debug|Any CPU.Build.0 = Debug|Any CPU
		{99C7515C-4FF5-468C-9991-31FDB77186EB}.Release|Any CPU.ActiveCfg = Release|Any CPU
		{99C7515C-4FF5-468C-9991-31FDB77186EB}.Release|Any CPU.Build.0 = Release|Any CPU
		{181EAB68-E310-4803-BEB4-C0E8AF5D6299}.Debug|Any CPU.ActiveCfg = Debug|Any CPU
		{181EAB68-E310-4803-BEB4-C0E8AF5D6299}.Debug|Any CPU.Build.0 = Debug|Any CPU
		{181EAB68-E310-4803-BEB4-C0E8AF5D6299}.Release|Any CPU.ActiveCfg = Release|Any CPU
		{181EAB68-E310-4803-BEB4-C0E8AF5D6299}.Release|Any CPU.Build.0 = Release|Any CPU
		{6C1F6228-C57F-4DB9-B08C-5D8040D07458}.Debug|Any CPU.ActiveCfg = Debug|Any CPU
		{6C1F6228-C57F-4DB9-B08C-5D8040D07458}.Debug|Any CPU.Build.0 = Debug|Any CPU
		{6C1F6228-C57F-4DB9-B08C-5D8040D07458}.Release|Any CPU.ActiveCfg = Release|Any CPU
		{6C1F6228-C57F-4DB9-B08C-5D8040D07458}.Release|Any CPU.Build.0 = Release|Any CPU
		{2CB4F6DC-8F39-4604-8208-3FC526D17ABF}.Debug|Any CPU.ActiveCfg = Debug|Any CPU
		{2CB4F6DC-8F39-4604-8208-3FC526D17ABF}.Debug|Any CPU.Build.0 = Debug|Any CPU
		{2CB4F6DC-8F39-4604-8208-3FC526D17ABF}.Release|Any CPU.ActiveCfg = Release|Any CPU
		{2CB4F6DC-8F39-4604-8208-3FC526D17ABF}.Release|Any CPU.Build.0 = Release|Any CPU
		{7C437351-AAB6-41D6-9309-259EAE35110E}.Debug|Any CPU.ActiveCfg = Debug|Any CPU
		{7C437351-AAB6-41D6-9309-259EAE35110E}.Debug|Any CPU.Build.0 = Debug|Any CPU
		{7C437351-AAB6-41D6-9309-259EAE35110E}.Release|Any CPU.ActiveCfg = Release|Any CPU
		{7C437351-AAB6-41D6-9309-259EAE35110E}.Release|Any CPU.Build.0 = Release|Any CPU
	EndGlobalSection
	GlobalSection(SolutionProperties) = preSolution
		HideSolutionNode = FALSE
	EndGlobalSection
	GlobalSection(NestedProjects) = preSolution
		{99C7515C-4FF5-468C-9991-31FDB77186EB} = {8A488775-733F-46F4-99D2-81AD442D06BD}
		{181EAB68-E310-4803-BEB4-C0E8AF5D6299} = {8A488775-733F-46F4-99D2-81AD442D06BD}
		{6C1F6228-C57F-4DB9-B08C-5D8040D07458} = {8A488775-733F-46F4-99D2-81AD442D06BD}
		{2CB4F6DC-8F39-4604-8208-3FC526D17ABF} = {8A488775-733F-46F4-99D2-81AD442D06BD}
		{7C437351-AAB6-41D6-9309-259EAE35110E} = {8A488775-733F-46F4-99D2-81AD442D06BD}
	EndGlobalSection
EndGlobal
